
Microsoft Visual Studio Solution File, Format Version 12.00
# Visual Studio 15
VisualStudioVersion = 15.0.28307.271
MinimumVisualStudioVersion = 10.0.40219.1
Project("{FAE04EC0-301F-11D3-BF4B-00C04F79EFBC}") = "TestIdentity", "TestIdentity\TestIdentity.csproj", "{C8D255C9-C74B-4569-93EE-9FB439E3ABB2}"
EndProject
Global
	GlobalSection(SolutionConfigurationPlatforms) = preSolution
		Debug|Any CPU = Debug|Any CPU
		Release|Any CPU = Release|Any CPU
	EndGlobalSection
	GlobalSection(ProjectConfigurationPlatforms) = postSolution
		{C8D255C9-C74B-4569-93EE-9FB439E3ABB2}.Debug|Any CPU.ActiveCfg = Debug|Any CPU
		{C8D255C9-C74B-4569-93EE-9FB439E3ABB2}.Debug|Any CPU.Build.0 = Debug|Any CPU
		{C8D255C9-C74B-4569-93EE-9FB439E3ABB2}.Release|Any CPU.ActiveCfg = Release|Any CPU
		{C8D255C9-C74B-4569-93EE-9FB439E3ABB2}.Release|Any CPU.Build.0 = Release|Any CPU
	EndGlobalSection
	GlobalSection(SolutionProperties) = preSolution
		HideSolutionNode = FALSE
	EndGlobalSection
	GlobalSection(ExtensibilityGlobals) = postSolution
		SolutionGuid = {2CD7E0E9-4AFA-43C7-BB89-15AA44ED0270}
	EndGlobalSection
EndGlobal
